// !$*UTF8*$!
{
	archiveVersion = 1;
	classes = {
	};
	objectVersion = 50;
	objects = {

/* Begin PBXBuildFile section */
		2F9A3CBC05E511D823CACC2B /* libPods-LLImageEditor.a in Frameworks */ = {isa = PBXBuildFile; fileRef = C1D48ECBD54AEDE3AD76638F /* libPods-LLImageEditor.a */; };
		4178818B215158FC00A572C1 /* AppDelegate.m in Sources */ = {isa = PBXBuildFile; fileRef = 4178818A215158FC00A572C1 /* AppDelegate.m */; };
		4178818E215158FC00A572C1 /* ViewController.m in Sources */ = {isa = PBXBuildFile; fileRef = 4178818D215158FC00A572C1 /* ViewController.m */; };
		41788191215158FC00A572C1 /* Main.storyboard in Resources */ = {isa = PBXBuildFile; fileRef = 4178818F215158FC00A572C1 /* Main.storyboard */; };
		41788193215158FE00A572C1 /* Assets.xcassets in Resources */ = {isa = PBXBuildFile; fileRef = 41788192215158FE00A572C1 /* Assets.xcassets */; };
		41788196215158FE00A572C1 /* LaunchScreen.storyboard in Resources */ = {isa = PBXBuildFile; fileRef = 41788194215158FE00A572C1 /* LaunchScreen.storyboard */; };
		41788199215158FE00A572C1 /* main.m in Sources */ = {isa = PBXBuildFile; fileRef = 41788198215158FE00A572C1 /* main.m */; };
		417881A3215158FE00A572C1 /* LLImageEditorTests.m in Sources */ = {isa = PBXBuildFile; fileRef = 417881A2215158FE00A572C1 /* LLImageEditorTests.m */; };
		417881AE215158FF00A572C1 /* LLImageEditorUITests.m in Sources */ = {isa = PBXBuildFile; fileRef = 417881AD215158FF00A572C1 /* LLImageEditorUITests.m */; };
		417881C12151F73200A572C1 /* YDCutViewController.m in Sources */ = {isa = PBXBuildFile; fileRef = 417881C02151F73200A572C1 /* YDCutViewController.m */; };
		417881C32151F8A200A572C1 /* 100sh.jpg in Resources */ = {isa = PBXBuildFile; fileRef = 417881C22151F8A200A572C1 /* 100sh.jpg */; };
		72E68338FFA6D954F4332732 /* libPods-LLImageEditorUITests.a in Frameworks */ = {isa = PBXBuildFile; fileRef = 6492A022AE70417680E31B37 /* libPods-LLImageEditorUITests.a */; };
		FC1D370992D8B55B780D589D /* libPods-LLImageEditorTests.a in Frameworks */ = {isa = PBXBuildFile; fileRef = 556C8B401768275F22A74FBD /* libPods-LLImageEditorTests.a */; };
/* End PBXBuildFile section */

/* Begin PBXContainerItemProxy section */
		4178819F215158FE00A572C1 /* PBXContainerItemProxy */ = {
			isa = PBXContainerItemProxy;
			containerPortal = 4178817E215158FC00A572C1 /* Project object */;
			proxyType = 1;
			remoteGlobalIDString = 41788185215158FC00A572C1;
			remoteInfo = LLImageEditor;
		};
		417881AA215158FF00A572C1 /* PBXContainerItemProxy */ = {
			isa = PBXContainerItemProxy;
			containerPortal = 4178817E215158FC00A572C1 /* Project object */;
			proxyType = 1;
			remoteGlobalIDString = 41788185215158FC00A572C1;
			remoteInfo = LLImageEditor;
		};
/* End PBXContainerItemProxy section */

/* Begin PBXFileReference section */
		0505DB3477A407ABB515E744 /* Pods-LLImageEditorUITests.debug.xcconfig */ = {isa = PBXFileReference; includeInIndex = 1; lastKnownFileType = text.xcconfig; name = "Pods-LLImageEditorUITests.debug.xcconfig"; path = "Pods/Target Support Files/Pods-LLImageEditorUITests/Pods-LLImageEditorUITests.debug.xcconfig"; sourceTree = "<group>"; };
		1B767D4232B9F6654ADED9D2 /* Pods-LLImageEditorUITests.release.xcconfig */ = {isa = PBXFileReference; includeInIndex = 1; lastKnownFileType = text.xcconfig; name = "Pods-LLImageEditorUITests.release.xcconfig"; path = "Pods/Target Support Files/Pods-LLImageEditorUITests/Pods-LLImageEditorUITests.release.xcconfig"; sourceTree = "<group>"; };
		21D6E29EDCBB1DDAEF700107 /* Pods-LLImageEditor.debug.xcconfig */ = {isa = PBXFileReference; includeInIndex = 1; lastKnownFileType = text.xcconfig; name = "Pods-LLImageEditor.debug.xcconfig"; path = "Pods/Target Support Files/Pods-LLImageEditor/Pods-LLImageEditor.debug.xcconfig"; sourceTree = "<group>"; };
		3EBF3107FF0BE775E26222BC /* Pods-LLImageEditorTests.release.xcconfig */ = {isa = PBXFileReference; includeInIndex = 1; lastKnownFileType = text.xcconfig; name = "Pods-LLImageEditorTests.release.xcconfig"; path = "Pods/Target Support Files/Pods-LLImageEditorTests/Pods-LLImageEditorTests.release.xcconfig"; sourceTree = "<group>"; };
		41788186215158FC00A572C1 /* LLImageEditor.app */ = {isa = PBXFileReference; explicitFileType = wrapper.application; includeInIndex = 0; path = LLImageEditor.app; sourceTree = BUILT_PRODUCTS_DIR; };
		41788189215158FC00A572C1 /* AppDelegate.h */ = {isa = PBXFileReference; lastKnownFileType = sourcecode.c.h; path = AppDelegate.h; sourceTree = "<group>"; };
		4178818A215158FC00A572C1 /* AppDelegate.m */ = {isa = PBXFileReference; lastKnownFileType = sourcecode.c.objc; path = AppDelegate.m; sourceTree = "<group>"; };
		4178818C215158FC00A572C1 /* ViewController.h */ = {isa = PBXFileReference; lastKnownFileType = sourcecode.c.h; path = ViewController.h; sourceTree = "<group>"; };
		4178818D215158FC00A572C1 /* ViewController.m */ = {isa = PBXFileReference; lastKnownFileType = sourcecode.c.objc; path = ViewController.m; sourceTree = "<group>"; };
		41788190215158FC00A572C1 /* Base */ = {isa = PBXFileReference; lastKnownFileType = file.storyboard; name = Base; path = Base.lproj/Main.storyboard; sourceTree = "<group>"; };
		41788192215158FE00A572C1 /* Assets.xcassets */ = {isa = PBXFileReference; lastKnownFileType = folder.assetcatalog; path = Assets.xcassets; sourceTree = "<group>"; };
		41788195215158FE00A572C1 /* Base */ = {isa = PBXFileReference; lastKnownFileType = file.storyboard; name = Base; path = Base.lproj/LaunchScreen.storyboard; sourceTree = "<group>"; };
		41788197215158FE00A572C1 /* Info.plist */ = {isa = PBXFileReference; lastKnownFileType = text.plist.xml; path = Info.plist; sourceTree = "<group>"; };
		41788198215158FE00A572C1 /* main.m */ = {isa = PBXFileReference; lastKnownFileType = sourcecode.c.objc; path = main.m; sourceTree = "<group>"; };
		4178819E215158FE00A572C1 /* LLImageEditorTests.xctest */ = {isa = PBXFileReference; explicitFileType = wrapper.cfbundle; includeInIndex = 0; path = LLImageEditorTests.xctest; sourceTree = BUILT_PRODUCTS_DIR; };
		417881A2215158FE00A572C1 /* LLImageEditorTests.m */ = {isa = PBXFileReference; lastKnownFileType = sourcecode.c.objc; path = LLImageEditorTests.m; sourceTree = "<group>"; };
		417881A4215158FF00A572C1 /* Info.plist */ = {isa = PBXFileReference; lastKnownFileType = text.plist.xml; path = Info.plist; sourceTree = "<group>"; };
		417881A9215158FF00A572C1 /* LLImageEditorUITests.xctest */ = {isa = PBXFileReference; explicitFileType = wrapper.cfbundle; includeInIndex = 0; path = LLImageEditorUITests.xctest; sourceTree = BUILT_PRODUCTS_DIR; };
		417881AD215158FF00A572C1 /* LLImageEditorUITests.m */ = {isa = PBXFileReference; lastKnownFileType = sourcecode.c.objc; path = LLImageEditorUITests.m; sourceTree = "<group>"; };
		417881AF215158FF00A572C1 /* Info.plist */ = {isa = PBXFileReference; lastKnownFileType = text.plist.xml; path = Info.plist; sourceTree = "<group>"; };
		417881BF2151F73200A572C1 /* YDCutViewController.h */ = {isa = PBXFileReference; fileEncoding = 4; lastKnownFileType = sourcecode.c.h; path = YDCutViewController.h; sourceTree = "<group>"; };
		417881C02151F73200A572C1 /* YDCutViewController.m */ = {isa = PBXFileReference; fileEncoding = 4; lastKnownFileType = sourcecode.c.objc; path = YDCutViewController.m; sourceTree = "<group>"; };
		417881C22151F8A200A572C1 /* 100sh.jpg */ = {isa = PBXFileReference; lastKnownFileType = image.jpeg; path = 100sh.jpg; sourceTree = "<group>"; };
		556C8B401768275F22A74FBD /* libPods-LLImageEditorTests.a */ = {isa = PBXFileReference; explicitFileType = archive.ar; includeInIndex = 0; path = "libPods-LLImageEditorTests.a"; sourceTree = BUILT_PRODUCTS_DIR; };
		6492A022AE70417680E31B37 /* libPods-LLImageEditorUITests.a */ = {isa = PBXFileReference; explicitFileType = archive.ar; includeInIndex = 0; path = "libPods-LLImageEditorUITests.a"; sourceTree = BUILT_PRODUCTS_DIR; };
		B421D5A17CF02021FD6CB3B1 /* Pods-LLImageEditorTests.debug.xcconfig */ = {isa = PBXFileReference; includeInIndex = 1; lastKnownFileType = text.xcconfig; name = "Pods-LLImageEditorTests.debug.xcconfig"; path = "Pods/Target Support Files/Pods-LLImageEditorTests/Pods-LLImageEditorTests.debug.xcconfig"; sourceTree = "<group>"; };
		C1D48ECBD54AEDE3AD76638F /* libPods-LLImageEditor.a */ = {isa = PBXFileReference; explicitFileType = archive.ar; includeInIndex = 0; path = "libPods-LLImageEditor.a"; sourceTree = BUILT_PRODUCTS_DIR; };
		F77305AF29C11498F3828202 /* Pods-LLImageEditor.release.xcconfig */ = {isa = PBXFileReference; includeInIndex = 1; lastKnownFileType = text.xcconfig; name = "Pods-LLImageEditor.release.xcconfig"; path = "Pods/Target Support Files/Pods-LLImageEditor/Pods-LLImageEditor.release.xcconfig"; sourceTree = "<group>"; };
/* End PBXFileReference section */

/* Begin PBXFrameworksBuildPhase section */
		41788183215158FC00A572C1 /* Frameworks */ = {
			isa = PBXFrameworksBuildPhase;
			buildActionMask = 2147483647;
			files = (
				2F9A3CBC05E511D823CACC2B /* libPods-LLImageEditor.a in Frameworks */,
			);
			runOnlyForDeploymentPostprocessing = 0;
		};
		4178819B215158FE00A572C1 /* Frameworks */ = {
			isa = PBXFrameworksBuildPhase;
			buildActionMask = 2147483647;
			files = (
				FC1D370992D8B55B780D589D /* libPods-LLImageEditorTests.a in Frameworks */,
			);
			runOnlyForDeploymentPostprocessing = 0;
		};
		417881A6215158FF00A572C1 /* Frameworks */ = {
			isa = PBXFrameworksBuildPhase;
			buildActionMask = 2147483647;
			files = (
				72E68338FFA6D954F4332732 /* libPods-LLImageEditorUITests.a in Frameworks */,
			);
			runOnlyForDeploymentPostprocessing = 0;
		};
/* End PBXFrameworksBuildPhase section */

/* Begin PBXGroup section */
		316A6710227F054A1238FC53 /* Frameworks */ = {
			isa = PBXGroup;
			children = (
				C1D48ECBD54AEDE3AD76638F /* libPods-LLImageEditor.a */,
				556C8B401768275F22A74FBD /* libPods-LLImageEditorTests.a */,
				6492A022AE70417680E31B37 /* libPods-LLImageEditorUITests.a */,
			);
			name = Frameworks;
			sourceTree = "<group>";
		};
		4178817D215158FC00A572C1 = {
			isa = PBXGroup;
			children = (
				41788188215158FC00A572C1 /* LLImageEditor */,
				417881A1215158FE00A572C1 /* LLImageEditorTests */,
				417881AC215158FF00A572C1 /* LLImageEditorUITests */,
				41788187215158FC00A572C1 /* Products */,
				DCB51B22CD4B63150CB96121 /* Pods */,
				316A6710227F054A1238FC53 /* Frameworks */,
			);
			sourceTree = "<group>";
		};
		41788187215158FC00A572C1 /* Products */ = {
			isa = PBXGroup;
			children = (
				41788186215158FC00A572C1 /* LLImageEditor.app */,
				4178819E215158FE00A572C1 /* LLImageEditorTests.xctest */,
				417881A9215158FF00A572C1 /* LLImageEditorUITests.xctest */,
			);
			name = Products;
			sourceTree = "<group>";
		};
		41788188215158FC00A572C1 /* LLImageEditor */ = {
			isa = PBXGroup;
			children = (
				417881BB2151F61800A572C1 /* Cut */,
				41788189215158FC00A572C1 /* AppDelegate.h */,
				4178818A215158FC00A572C1 /* AppDelegate.m */,
				4178818C215158FC00A572C1 /* ViewController.h */,
				4178818D215158FC00A572C1 /* ViewController.m */,
				4178818F215158FC00A572C1 /* Main.storyboard */,
				41788192215158FE00A572C1 /* Assets.xcassets */,
				41788194215158FE00A572C1 /* LaunchScreen.storyboard */,
				41788197215158FE00A572C1 /* Info.plist */,
				41788198215158FE00A572C1 /* main.m */,
				417881C22151F8A200A572C1 /* 100sh.jpg */,
			);
			path = LLImageEditor;
			sourceTree = "<group>";
		};
		417881A1215158FE00A572C1 /* LLImageEditorTests */ = {
			isa = PBXGroup;
			children = (
				417881A2215158FE00A572C1 /* LLImageEditorTests.m */,
				417881A4215158FF00A572C1 /* Info.plist */,
			);
			path = LLImageEditorTests;
			sourceTree = "<group>";
		};
		417881AC215158FF00A572C1 /* LLImageEditorUITests */ = {
			isa = PBXGroup;
			children = (
				417881AD215158FF00A572C1 /* LLImageEditorUITests.m */,
				417881AF215158FF00A572C1 /* Info.plist */,
			);
			path = LLImageEditorUITests;
			sourceTree = "<group>";
		};
		417881BB2151F61800A572C1 /* Cut */ = {
			isa = PBXGroup;
			children = (
				417881BF2151F73200A572C1 /* YDCutViewController.h */,
				417881C02151F73200A572C1 /* YDCutViewController.m */,
			);
			path = Cut;
			sourceTree = "<group>";
		};
		DCB51B22CD4B63150CB96121 /* Pods */ = {
			isa = PBXGroup;
			children = (
				21D6E29EDCBB1DDAEF700107 /* Pods-LLImageEditor.debug.xcconfig */,
				F77305AF29C11498F3828202 /* Pods-LLImageEditor.release.xcconfig */,
				B421D5A17CF02021FD6CB3B1 /* Pods-LLImageEditorTests.debug.xcconfig */,
				3EBF3107FF0BE775E26222BC /* Pods-LLImageEditorTests.release.xcconfig */,
				0505DB3477A407ABB515E744 /* Pods-LLImageEditorUITests.debug.xcconfig */,
				1B767D4232B9F6654ADED9D2 /* Pods-LLImageEditorUITests.release.xcconfig */,
			);
			name = Pods;
			sourceTree = "<group>";
		};
/* End PBXGroup section */

/* Begin PBXNativeTarget section */
		41788185215158FC00A572C1 /* LLImageEditor */ = {
			isa = PBXNativeTarget;
			buildConfigurationList = 417881B2215158FF00A572C1 /* Build configuration list for PBXNativeTarget "LLImageEditor" */;
			buildPhases = (
				68F422BB4563CF0F976C6373 /* [CP] Check Pods Manifest.lock */,
				41788182215158FC00A572C1 /* Sources */,
				41788183215158FC00A572C1 /* Frameworks */,
				41788184215158FC00A572C1 /* Resources */,
				91B201CEA83B3E1777FF3FF9 /* [CP] Embed Pods Frameworks */,
				036EAB8201AB757304216F91 /* [CP] Copy Pods Resources */,
			);
			buildRules = (
			);
			dependencies = (
			);
			name = LLImageEditor;
			productName = LLImageEditor;
			productReference = 41788186215158FC00A572C1 /* LLImageEditor.app */;
			productType = "com.apple.product-type.application";
		};
		4178819D215158FE00A572C1 /* LLImageEditorTests */ = {
			isa = PBXNativeTarget;
			buildConfigurationList = 417881B5215158FF00A572C1 /* Build configuration list for PBXNativeTarget "LLImageEditorTests" */;
			buildPhases = (
				D6F995A3C83F838EBACD41D6 /* [CP] Check Pods Manifest.lock */,
				4178819A215158FE00A572C1 /* Sources */,
				4178819B215158FE00A572C1 /* Frameworks */,
				4178819C215158FE00A572C1 /* Resources */,
				78FE0107E56847B10EADF785 /* [CP] Embed Pods Frameworks */,
				59A9E92B55A4D2A5E825C7FC /* [CP] Copy Pods Resources */,
			);
			buildRules = (
			);
			dependencies = (
				417881A0215158FE00A572C1 /* PBXTargetDependency */,
			);
			name = LLImageEditorTests;
			productName = LLImageEditorTests;
			productReference = 4178819E215158FE00A572C1 /* LLImageEditorTests.xctest */;
			productType = "com.apple.product-type.bundle.unit-test";
		};
		417881A8215158FF00A572C1 /* LLImageEditorUITests */ = {
			isa = PBXNativeTarget;
			buildConfigurationList = 417881B8215158FF00A572C1 /* Build configuration list for PBXNativeTarget "LLImageEditorUITests" */;
			buildPhases = (
				E91F263E0E65978660B96C2F /* [CP] Check Pods Manifest.lock */,
				417881A5215158FF00A572C1 /* Sources */,
				417881A6215158FF00A572C1 /* Frameworks */,
				417881A7215158FF00A572C1 /* Resources */,
				B0E3FF8D6C09FEE80ADB9253 /* [CP] Embed Pods Frameworks */,
				3279FE158EFA130307A5F984 /* [CP] Copy Pods Resources */,
			);
			buildRules = (
			);
			dependencies = (
				417881AB215158FF00A572C1 /* PBXTargetDependency */,
			);
			name = LLImageEditorUITests;
			productName = LLImageEditorUITests;
			productReference = 417881A9215158FF00A572C1 /* LLImageEditorUITests.xctest */;
			productType = "com.apple.product-type.bundle.ui-testing";
		};
/* End PBXNativeTarget section */

/* Begin PBXProject section */
		4178817E215158FC00A572C1 /* Project object */ = {
			isa = PBXProject;
			attributes = {
				LastUpgradeCheck = 1000;
				ORGANIZATIONNAME = Aka;
				TargetAttributes = {
					41788185215158FC00A572C1 = {
						CreatedOnToolsVersion = 10.0;
					};
					4178819D215158FE00A572C1 = {
						CreatedOnToolsVersion = 10.0;
						TestTargetID = 41788185215158FC00A572C1;
					};
					417881A8215158FF00A572C1 = {
						CreatedOnToolsVersion = 10.0;
						TestTargetID = 41788185215158FC00A572C1;
					};
				};
			};
			buildConfigurationList = 41788181215158FC00A572C1 /* Build configuration list for PBXProject "LLImageEditor" */;
			compatibilityVersion = "Xcode 9.3";
			developmentRegion = en;
			hasScannedForEncodings = 0;
			knownRegions = (
				en,
				Base,
			);
			mainGroup = 4178817D215158FC00A572C1;
			productRefGroup = 41788187215158FC00A572C1 /* Products */;
			projectDirPath = "";
			projectRoot = "";
			targets = (
				41788185215158FC00A572C1 /* LLImageEditor */,
				4178819D215158FE00A572C1 /* LLImageEditorTests */,
				417881A8215158FF00A572C1 /* LLImageEditorUITests */,
			);
		};
/* End PBXProject section */

/* Begin PBXResourcesBuildPhase section */
		41788184215158FC00A572C1 /* Resources */ = {
			isa = PBXResourcesBuildPhase;
			buildActionMask = 2147483647;
			files = (
				41788196215158FE00A572C1 /* LaunchScreen.storyboard in Resources */,
				417881C32151F8A200A572C1 /* 100sh.jpg in Resources */,
				41788193215158FE00A572C1 /* Assets.xcassets in Resources */,
				41788191215158FC00A572C1 /* Main.storyboard in Resources */,
			);
			runOnlyForDeploymentPostprocessing = 0;
		};
		4178819C215158FE00A572C1 /* Resources */ = {
			isa = PBXResourcesBuildPhase;
			buildActionMask = 2147483647;
			files = (
			);
			runOnlyForDeploymentPostprocessing = 0;
		};
		417881A7215158FF00A572C1 /* Resources */ = {
			isa = PBXResourcesBuildPhase;
			buildActionMask = 2147483647;
			files = (
			);
			runOnlyForDeploymentPostprocessing = 0;
		};
/* End PBXResourcesBuildPhase section */

/* Begin PBXShellScriptBuildPhase section */
		036EAB8201AB757304216F91 /* [CP] Copy Pods Resources */ = {
			isa = PBXShellScriptBuildPhase;
			buildActionMask = 2147483647;
			files = (
			);
			inputPaths = (
			);
			name = "[CP] Copy Pods Resources";
			outputPaths = (
			);
			runOnlyForDeploymentPostprocessing = 0;
			shellPath = /bin/sh;
			shellScript = "\"${SRCROOT}/Pods/Target Support Files/Pods-LLImageEditor/Pods-LLImageEditor-resources.sh\"\n";
			showEnvVarsInLog = 0;
		};
		3279FE158EFA130307A5F984 /* [CP] Copy Pods Resources */ = {
			isa = PBXShellScriptBuildPhase;
			buildActionMask = 2147483647;
			files = (
			);
			inputPaths = (
			);
			name = "[CP] Copy Pods Resources";
			outputPaths = (
			);
			runOnlyForDeploymentPostprocessing = 0;
			shellPath = /bin/sh;
			shellScript = "\"${SRCROOT}/Pods/Target Support Files/Pods-LLImageEditorUITests/Pods-LLImageEditorUITests-resources.sh\"\n";
			showEnvVarsInLog = 0;
		};
		59A9E92B55A4D2A5E825C7FC /* [CP] Copy Pods Resources */ = {
			isa = PBXShellScriptBuildPhase;
			buildActionMask = 2147483647;
			files = (
			);
			inputPaths = (
			);
			name = "[CP] Copy Pods Resources";
			outputPaths = (
			);
			runOnlyForDeploymentPostprocessing = 0;
			shellPath = /bin/sh;
			shellScript = "\"${SRCROOT}/Pods/Target Support Files/Pods-LLImageEditorTests/Pods-LLImageEditorTests-resources.sh\"\n";
			showEnvVarsInLog = 0;
		};
		68F422BB4563CF0F976C6373 /* [CP] Check Pods Manifest.lock */ = {
			isa = PBXShellScriptBuildPhase;
			buildActionMask = 2147483647;
			files = (
			);
			inputPaths = (
			);
			name = "[CP] Check Pods Manifest.lock";
			outputPaths = (
			);
			runOnlyForDeploymentPostprocessing = 0;
			shellPath = /bin/sh;
			shellScript = "diff \"${PODS_PODFILE_DIR_PATH}/Podfile.lock\" \"${PODS_ROOT}/Manifest.lock\" > /dev/null\nif [ $? != 0 ] ; then\n    # print error to STDERR\n    echo \"error: The sandbox is not in sync with the Podfile.lock. Run 'pod install' or update your CocoaPods installation.\" >&2\n    exit 1\nfi\n";
			showEnvVarsInLog = 0;
		};
		78FE0107E56847B10EADF785 /* [CP] Embed Pods Frameworks */ = {
			isa = PBXShellScriptBuildPhase;
			buildActionMask = 2147483647;
			files = (
			);
			inputPaths = (
			);
			name = "[CP] Embed Pods Frameworks";
			outputPaths = (
			);
			runOnlyForDeploymentPostprocessing = 0;
			shellPath = /bin/sh;
			shellScript = "\"${SRCROOT}/Pods/Target Support Files/Pods-LLImageEditorTests/Pods-LLImageEditorTests-frameworks.sh\"\n";
			showEnvVarsInLog = 0;
		};
		91B201CEA83B3E1777FF3FF9 /* [CP] Embed Pods Frameworks */ = {
			isa = PBXShellScriptBuildPhase;
			buildActionMask = 2147483647;
			files = (
			);
			inputPaths = (
			);
			name = "[CP] Embed Pods Frameworks";
			outputPaths = (
			);
			runOnlyForDeploymentPostprocessing = 0;
			shellPath = /bin/sh;
			shellScript = "\"${SRCROOT}/Pods/Target Support Files/Pods-LLImageEditor/Pods-LLImageEditor-frameworks.sh\"\n";
			showEnvVarsInLog = 0;
		};
		B0E3FF8D6C09FEE80ADB9253 /* [CP] Embed Pods Frameworks */ = {
			isa = PBXShellScriptBuildPhase;
			buildActionMask = 2147483647;
			files = (
			);
			inputPaths = (
			);
			name = "[CP] Embed Pods Frameworks";
			outputPaths = (
			);
			runOnlyForDeploymentPostprocessing = 0;
			shellPath = /bin/sh;
			shellScript = "\"${SRCROOT}/Pods/Target Support Files/Pods-LLImageEditorUITests/Pods-LLImageEditorUITests-frameworks.sh\"\n";
			showEnvVarsInLog = 0;
		};
		D6F995A3C83F838EBACD41D6 /* [CP] Check Pods Manifest.lock */ = {
			isa = PBXShellScriptBuildPhase;
			buildActionMask = 2147483647;
			files = (
			);
			inputPaths = (
			);
			name = "[CP] Check Pods Manifest.lock";
			outputPaths = (
			);
			runOnlyForDeploymentPostprocessing = 0;
			shellPath = /bin/sh;
			shellScript = "diff \"${PODS_PODFILE_DIR_PATH}/Podfile.lock\" \"${PODS_ROOT}/Manifest.lock\" > /dev/null\nif [ $? != 0 ] ; then\n    # print error to STDERR\n    echo \"error: The sandbox is not in sync with the Podfile.lock. Run 'pod install' or update your CocoaPods installation.\" >&2\n    exit 1\nfi\n";
			showEnvVarsInLog = 0;
		};
		E91F263E0E65978660B96C2F /* [CP] Check Pods Manifest.lock */ = {
			isa = PBXShellScriptBuildPhase;
			buildActionMask = 2147483647;
			files = (
			);
			inputPaths = (
			);
			name = "[CP] Check Pods Manifest.lock";
			outputPaths = (
			);
			runOnlyForDeploymentPostprocessing = 0;
			shellPath = /bin/sh;
			shellScript = "diff \"${PODS_PODFILE_DIR_PATH}/Podfile.lock\" \"${PODS_ROOT}/Manifest.lock\" > /dev/null\nif [ $? != 0 ] ; then\n    # print error to STDERR\n    echo \"error: The sandbox is not in sync with the Podfile.lock. Run 'pod install' or update your CocoaPods installation.\" >&2\n    exit 1\nfi\n";
			showEnvVarsInLog = 0;
		};
/* End PBXShellScriptBuildPhase section */

/* Begin PBXSourcesBuildPhase section */
		41788182215158FC00A572C1 /* Sources */ = {
			isa = PBXSourcesBuildPhase;
			buildActionMask = 2147483647;
			files = (
				417881C12151F73200A572C1 /* YDCutViewController.m in Sources */,
				4178818E215158FC00A572C1 /* ViewController.m in Sources */,
				41788199215158FE00A572C1 /* main.m in Sources */,
				4178818B215158FC00A572C1 /* AppDelegate.m in Sources */,
			);
			runOnlyForDeploymentPostprocessing = 0;
		};
		4178819A215158FE00A572C1 /* Sources */ = {
			isa = PBXSourcesBuildPhase;
			buildActionMask = 2147483647;
			files = (
				417881A3215158FE00A572C1 /* LLImageEditorTests.m in Sources */,
			);
			runOnlyForDeploymentPostprocessing = 0;
		};
		417881A5215158FF00A572C1 /* Sources */ = {
			isa = PBXSourcesBuildPhase;
			buildActionMask = 2147483647;
			files = (
				417881AE215158FF00A572C1 /* LLImageEditorUITests.m in Sources */,
			);
			runOnlyForDeploymentPostprocessing = 0;
		};
/* End PBXSourcesBuildPhase section */

/* Begin PBXTargetDependency section */
		417881A0215158FE00A572C1 /* PBXTargetDependency */ = {
			isa = PBXTargetDependency;
			target = 41788185215158FC00A572C1 /* LLImageEditor */;
			targetProxy = 4178819F215158FE00A572C1 /* PBXContainerItemProxy */;
		};
		417881AB215158FF00A572C1 /* PBXTargetDependency */ = {
			isa = PBXTargetDependency;
			target = 41788185215158FC00A572C1 /* LLImageEditor */;
			targetProxy = 417881AA215158FF00A572C1 /* PBXContainerItemProxy */;
		};
/* End PBXTargetDependency section */

/* Begin PBXVariantGroup section */
		4178818F215158FC00A572C1 /* Main.storyboard */ = {
			isa = PBXVariantGroup;
			children = (
				41788190215158FC00A572C1 /* Base */,
			);
			name = Main.storyboard;
			sourceTree = "<group>";
		};
		41788194215158FE00A572C1 /* LaunchScreen.storyboard */ = {
			isa = PBXVariantGroup;
			children = (
				41788195215158FE00A572C1 /* Base */,
			);
			name = LaunchScreen.storyboard;
			sourceTree = "<group>";
		};
/* End PBXVariantGroup section */

/* Begin XCBuildConfiguration section */
		417881B0215158FF00A572C1 /* Debug */ = {
			isa = XCBuildConfiguration;
			buildSettings = {
				ALWAYS_SEARCH_USER_PATHS = NO;
				CLANG_ANALYZER_NONNULL = YES;
				CLANG_ANALYZER_NUMBER_OBJECT_CONVERSION = YES_AGGRESSIVE;
				CLANG_CXX_LANGUAGE_STANDARD = "gnu++14";
				CLANG_CXX_LIBRARY = "libc++";
				CLANG_ENABLE_MODULES = YES;
				CLANG_ENABLE_OBJC_ARC = YES;
				CLANG_ENABLE_OBJC_WEAK = YES;
				CLANG_WARN_BLOCK_CAPTURE_AUTORELEASING = YES;
				CLANG_WARN_BOOL_CONVERSION = YES;
				CLANG_WARN_COMMA = YES;
				CLANG_WARN_CONSTANT_CONVERSION = YES;
				CLANG_WARN_DEPRECATED_OBJC_IMPLEMENTATIONS = YES;
				CLANG_WARN_DIRECT_OBJC_ISA_USAGE = YES_ERROR;
				CLANG_WARN_DOCUMENTATION_COMMENTS = YES;
				CLANG_WARN_EMPTY_BODY = YES;
				CLANG_WARN_ENUM_CONVERSION = YES;
				CLANG_WARN_INFINITE_RECURSION = YES;
				CLANG_WARN_INT_CONVERSION = YES;
				CLANG_WARN_NON_LITERAL_NULL_CONVERSION = YES;
				CLANG_WARN_OBJC_IMPLICIT_RETAIN_SELF = YES;
				CLANG_WARN_OBJC_LITERAL_CONVERSION = YES;
				CLANG_WARN_OBJC_ROOT_CLASS = YES_ERROR;
				CLANG_WARN_RANGE_LOOP_ANALYSIS = YES;
				CLANG_WARN_STRICT_PROTOTYPES = YES;
				CLANG_WARN_SUSPICIOUS_MOVE = YES;
				CLANG_WARN_UNGUARDED_AVAILABILITY = YES_AGGRESSIVE;
				CLANG_WARN_UNREACHABLE_CODE = YES;
				CLANG_WARN__DUPLICATE_METHOD_MATCH = YES;
				CODE_SIGN_IDENTITY = "iPhone Developer";
				COPY_PHASE_STRIP = NO;
				DEBUG_INFORMATION_FORMAT = dwarf;
				ENABLE_STRICT_OBJC_MSGSEND = YES;
				ENABLE_TESTABILITY = YES;
				GCC_C_LANGUAGE_STANDARD = gnu11;
				GCC_DYNAMIC_NO_PIC = NO;
				GCC_NO_COMMON_BLOCKS = YES;
				GCC_OPTIMIZATION_LEVEL = 0;
				GCC_PREPROCESSOR_DEFINITIONS = (
					"DEBUG=1",
					"$(inherited)",
				);
				GCC_WARN_64_TO_32_BIT_CONVERSION = YES;
				GCC_WARN_ABOUT_RETURN_TYPE = YES_ERROR;
				GCC_WARN_UNDECLARED_SELECTOR = YES;
				GCC_WARN_UNINITIALIZED_AUTOS = YES_AGGRESSIVE;
				GCC_WARN_UNUSED_FUNCTION = YES;
				GCC_WARN_UNUSED_VARIABLE = YES;
				IPHONEOS_DEPLOYMENT_TARGET = 12.0;
				MTL_ENABLE_DEBUG_INFO = INCLUDE_SOURCE;
				MTL_FAST_MATH = YES;
				ONLY_ACTIVE_ARCH = YES;
				SDKROOT = iphoneos;
			};
			name = Debug;
		};
		417881B1215158FF00A572C1 /* Release */ = {
			isa = XCBuildConfiguration;
			buildSettings = {
				ALWAYS_SEARCH_USER_PATHS = NO;
				CLANG_ANALYZER_NONNULL = YES;
				CLANG_ANALYZER_NUMBER_OBJECT_CONVERSION = YES_AGGRESSIVE;
				CLANG_CXX_LANGUAGE_STANDARD = "gnu++14";
				CLANG_CXX_LIBRARY = "libc++";
				CLANG_ENABLE_MODULES = YES;
				CLANG_ENABLE_OBJC_ARC = YES;
				CLANG_ENABLE_OBJC_WEAK = YES;
				CLANG_WARN_BLOCK_CAPTURE_AUTORELEASING = YES;
				CLANG_WARN_BOOL_CONVERSION = YES;
				CLANG_WARN_COMMA = YES;
				CLANG_WARN_CONSTANT_CONVERSION = YES;
				CLANG_WARN_DEPRECATED_OBJC_IMPLEMENTATIONS = YES;
				CLANG_WARN_DIRECT_OBJC_ISA_USAGE = YES_ERROR;
				CLANG_WARN_DOCUMENTATION_COMMENTS = YES;
				CLANG_WARN_EMPTY_BODY = YES;
				CLANG_WARN_ENUM_CONVERSION = YES;
				CLANG_WARN_INFINITE_RECURSION = YES;
				CLANG_WARN_INT_CONVERSION = YES;
				CLANG_WARN_NON_LITERAL_NULL_CONVERSION = YES;
				CLANG_WARN_OBJC_IMPLICIT_RETAIN_SELF = YES;
				CLANG_WARN_OBJC_LITERAL_CONVERSION = YES;
				CLANG_WARN_OBJC_ROOT_CLASS = YES_ERROR;
				CLANG_WARN_RANGE_LOOP_ANALYSIS = YES;
				CLANG_WARN_STRICT_PROTOTYPES = YES;
				CLANG_WARN_SUSPICIOUS_MOVE = YES;
				CLANG_WARN_UNGUARDED_AVAILABILITY = YES_AGGRESSIVE;
				CLANG_WARN_UNREACHABLE_CODE = YES;
				CLANG_WARN__DUPLICATE_METHOD_MATCH = YES;
				CODE_SIGN_IDENTITY = "iPhone Developer";
				COPY_PHASE_STRIP = NO;
				DEBUG_INFORMATION_FORMAT = "dwarf-with-dsym";
				ENABLE_NS_ASSERTIONS = NO;
				ENABLE_STRICT_OBJC_MSGSEND = YES;
				GCC_C_LANGUAGE_STANDARD = gnu11;
				GCC_NO_COMMON_BLOCKS = YES;
				GCC_WARN_64_TO_32_BIT_CONVERSION = YES;
				GCC_WARN_ABOUT_RETURN_TYPE = YES_ERROR;
				GCC_WARN_UNDECLARED_SELECTOR = YES;
				GCC_WARN_UNINITIALIZED_AUTOS = YES_AGGRESSIVE;
				GCC_WARN_UNUSED_FUNCTION = YES;
				GCC_WARN_UNUSED_VARIABLE = YES;
				IPHONEOS_DEPLOYMENT_TARGET = 12.0;
				MTL_ENABLE_DEBUG_INFO = NO;
				MTL_FAST_MATH = YES;
				SDKROOT = iphoneos;
				VALIDATE_PRODUCT = YES;
			};
			name = Release;
		};
		417881B3215158FF00A572C1 /* Debug */ = {
			isa = XCBuildConfiguration;
			baseConfigurationReference = 21D6E29EDCBB1DDAEF700107 /* Pods-LLImageEditor.debug.xcconfig */;
			buildSettings = {
				ASSETCATALOG_COMPILER_APPICON_NAME = AppIcon;
				CODE_SIGN_STYLE = Automatic;
				DEVELOPMENT_TEAM = D2XBEJ6876;
				INFOPLIST_FILE = LLImageEditor/Info.plist;
				IPHONEOS_DEPLOYMENT_TARGET = 8.0;
				LD_RUNPATH_SEARCH_PATHS = (
					"$(inherited)",
					"@executable_path/Frameworks",
				);
				PRODUCT_BUNDLE_IDENTIFIER = com.music.linyu.LLImageEditor;
				PRODUCT_NAME = "$(TARGET_NAME)";
				TARGETED_DEVICE_FAMILY = "1,2";
			};
			name = Debug;
		};
		417881B4215158FF00A572C1 /* Release */ = {
			isa = XCBuildConfiguration;
			baseConfigurationReference = F77305AF29C11498F3828202 /* Pods-LLImageEditor.release.xcconfig */;
			buildSettings = {
				ASSETCATALOG_COMPILER_APPICON_NAME = AppIcon;
				CODE_SIGN_STYLE = Automatic;
				DEVELOPMENT_TEAM = D2XBEJ6876;
				INFOPLIST_FILE = LLImageEditor/Info.plist;
				IPHONEOS_DEPLOYMENT_TARGET = 8.0;
				LD_RUNPATH_SEARCH_PATHS = (
					"$(inherited)",
					"@executable_path/Frameworks",
				);
				PRODUCT_BUNDLE_IDENTIFIER = com.music.linyu.LLImageEditor;
				PRODUCT_NAME = "$(TARGET_NAME)";
				TARGETED_DEVICE_FAMILY = "1,2";
			};
			name = Release;
		};
		417881B6215158FF00A572C1 /* Debug */ = {
			isa = XCBuildConfiguration;
			baseConfigurationReference = B421D5A17CF02021FD6CB3B1 /* Pods-LLImageEditorTests.debug.xcconfig */;
			buildSettings = {
				BUNDLE_LOADER = "$(TEST_HOST)";
				CODE_SIGN_STYLE = Automatic;
				DEVELOPMENT_TEAM = D2XBEJ6876;
				INFOPLIST_FILE = LLImageEditorTests/Info.plist;
				LD_RUNPATH_SEARCH_PATHS = (
					"$(inherited)",
					"@executable_path/Frameworks",
					"@loader_path/Frameworks",
				);
				PRODUCT_BUNDLE_IDENTIFIER = com.music.linyu.LLImageEditorTests;
				PRODUCT_NAME = "$(TARGET_NAME)";
				TARGETED_DEVICE_FAMILY = "1,2";
				TEST_HOST = "$(BUILT_PRODUCTS_DIR)/LLImageEditor.app/LLImageEditor";
			};
			name = Debug;
		};
		417881B7215158FF00A572C1 /* Release */ = {
			isa = XCBuildConfiguration;
			baseConfigurationReference = 3EBF3107FF0BE775E26222BC /* Pods-LLImageEditorTests.release.xcconfig */;
			buildSettings = {
				BUNDLE_LOADER = "$(TEST_HOST)";
				CODE_SIGN_STYLE = Automatic;
				DEVELOPMENT_TEAM = D2XBEJ6876;
				INFOPLIST_FILE = LLImageEditorTests/Info.plist;
				LD_RUNPATH_SEARCH_PATHS = (
					"$(inherited)",
					"@executable_path/Frameworks",
					"@loader_path/Frameworks",
				);
				PRODUCT_BUNDLE_IDENTIFIER = com.music.linyu.LLImageEditorTests;
				PRODUCT_NAME = "$(TARGET_NAME)";
				TARGETED_DEVICE_FAMILY = "1,2";
				TEST_HOST = "$(BUILT_PRODUCTS_DIR)/LLImageEditor.app/LLImageEditor";
			};
			name = Release;
		};
		417881B9215158FF00A572C1 /* Debug */ = {
			isa = XCBuildConfiguration;
			baseConfigurationReference = 0505DB3477A407ABB515E744 /* Pods-LLImageEditorUITests.debug.xcconfig */;
			buildSettings = {
				CODE_SIGN_STYLE = Automatic;
				DEVELOPMENT_TEAM = D2XBEJ6876;
				INFOPLIST_FILE = LLImageEditorUITests/Info.plist;
				LD_RUNPATH_SEARCH_PATHS = (
					"$(inherited)",
					"@executable_path/Frameworks",
					"@loader_path/Frameworks",
				);
				PRODUCT_BUNDLE_IDENTIFIER = com.music.linyu.LLImageEditorUITests;
				PRODUCT_NAME = "$(TARGET_NAME)";
				TARGETED_DEVICE_FAMILY = "1,2";
				TEST_TARGET_NAME = LLImageEditor;
			};
			name = Debug;
		};
		417881BA215158FF00A572C1 /* Release */ = {
			isa = XCBuildConfiguration;
			baseConfigurationReference = 1B767D4232B9F6654ADED9D2 /* Pods-LLImageEditorUITests.release.xcconfig */;
			buildSettings = {
				CODE_SIGN_STYLE = Automatic;
				DEVELOPMENT_TEAM = D2XBEJ6876;
				INFOPLIST_FILE = LLImageEditorUITests/Info.plist;
				LD_RUNPATH_SEARCH_PATHS = (
					"$(inherited)",
					"@executable_path/Frameworks",
					"@loader_path/Frameworks",
				);
				PRODUCT_BUNDLE_IDENTIFIER = com.music.linyu.LLImageEditorUITests;
				PRODUCT_NAME = "$(TARGET_NAME)";
				TARGETED_DEVICE_FAMILY = "1,2";
				TEST_TARGET_NAME = LLImageEditor;
			};
			name = Release;
		};
/* End XCBuildConfiguration section */

/* Begin XCConfigurationList section */
		41788181215158FC00A572C1 /* Build configuration list for PBXProject "LLImageEditor" */ = {
			isa = XCConfigurationList;
			buildConfigurations = (
				417881B0215158FF00A572C1 /* Debug */,
				417881B1215158FF00A572C1 /* Release */,
			);
			defaultConfigurationIsVisible = 0;
			defaultConfigurationName = Release;
		};
		417881B2215158FF00A572C1 /* Build configuration list for PBXNativeTarget "LLImageEditor" */ = {
			isa = XCConfigurationList;
			buildConfigurations = (
				417881B3215158FF00A572C1 /* Debug */,
				417881B4215158FF00A572C1 /* Release */,
			);
			defaultConfigurationIsVisible = 0;
			defaultConfigurationName = Release;
		};
		417881B5215158FF00A572C1 /* Build configuration list for PBXNativeTarget "LLImageEditorTests" */ = {
			isa = XCConfigurationList;
			buildConfigurations = (
				417881B6215158FF00A572C1 /* Debug */,
				417881B7215158FF00A572C1 /* Release */,
			);
			defaultConfigurationIsVisible = 0;
			defaultConfigurationName = Release;
		};
		417881B8215158FF00A572C1 /* Build configuration list for PBXNativeTarget "LLImageEditorUITests" */ = {
			isa = XCConfigurationList;
			buildConfigurations = (
				417881B9215158FF00A572C1 /* Debug */,
				417881BA215158FF00A572C1 /* Release */,
			);
			defaultConfigurationIsVisible = 0;
			defaultConfigurationName = Release;
		};
/* End XCConfigurationList section */
	};
	rootObject = 4178817E215158FC00A572C1 /* Project object */;
}
